
Microsoft Visual Studio Solution File, Format Version 12.00
# Visual Studio Version 17
VisualStudioVersion = 17.4.33213.308
MinimumVisualStudioVersion = 10.0.40219.1
Project("{888888A0-9F3D-457C-B088-3A5042F75D52}") = "PasswordGenerator", "PasswordGenerator.pyproj", "{FBCADCE4-0791-451D-8BF2-81C2BEB05C4B}"
EndProject
Global
	GlobalSection(SolutionConfigurationPlatforms) = preSolution
		Debug|Any CPU = Debug|Any CPU
		Release|Any CPU = Release|Any CPU
	EndGlobalSection
	GlobalSection(ProjectConfigurationPlatforms) = postSolution
		{FBCADCE4-0791-451D-8BF2-81C2BEB05C4B}.Debug|Any CPU.ActiveCfg = Debug|Any CPU
		{FBCADCE4-0791-451D-8BF2-81C2BEB05C4B}.Release|Any CPU.ActiveCfg = Release|Any CPU
	EndGlobalSection
	GlobalSection(SolutionProperties) = preSolution
		HideSolutionNode = FALSE
	EndGlobalSection
	GlobalSection(ExtensibilityGlobals) = postSolution
		SolutionGuid = {46D80B29-6B31-4087-BD8A-1580DEB89BCA}
	EndGlobalSection
EndGlobal
